
Microsoft Visual Studio Solution File, Format Version 12.00
# Visual Studio 15
VisualStudioVersion = 15.0.27130.2027
MinimumVisualStudioVersion = 10.0.40219.1
Project("{FAE04EC0-301F-11D3-BF4B-00C04F79EFBC}") = "ASI120MM", "ASI120MM\ASI120MM.csproj", "{D5207217-61C7-4E94-8097-91DBACE57D2A}"
EndProject
Global
	GlobalSection(SolutionConfigurationPlatforms) = preSolution
		Debug|x86 = Debug|x86
		Release|x86 = Release|x86
	EndGlobalSection
	GlobalSection(ProjectConfigurationPlatforms) = postSolution
		{D5207217-61C7-4E94-8097-91DBACE57D2A}.Debug|x86.ActiveCfg = Debug|x86
		{D5207217-61C7-4E94-8097-91DBACE57D2A}.Debug|x86.Build.0 = Debug|x86
		{D5207217-61C7-4E94-8097-91DBACE57D2A}.Release|x86.ActiveCfg = Release|x86
		{D5207217-61C7-4E94-8097-91DBACE57D2A}.Release|x86.Build.0 = Release|x86
	EndGlobalSection
	GlobalSection(SolutionProperties) = preSolution
		HideSolutionNode = FALSE
	EndGlobalSection
	GlobalSection(ExtensibilityGlobals) = postSolution
		SolutionGuid = {A098EF68-254B-4E2F-B406-BD029874F1DF}
	EndGlobalSection
EndGlobal
